
Microsoft Visual Studio Solution File, Format Version 12.00
# Visual Studio Version 17
VisualStudioVersion = 17.4.33103.184
MinimumVisualStudioVersion = 10.0.40219.1
Project("{FAE04EC0-301F-11D3-BF4B-00C04F79EFBC}") = "ChangeExcelTitle", "ChangeExcelTitle\ChangeExcelTitle.csproj", "{9CF25E52-E9C8-412D-BB88-433BC8BECCFC}"
EndProject
Global
	GlobalSection(SolutionConfigurationPlatforms) = preSolution
		Debug|Any CPU = Debug|Any CPU
		Release|Any CPU = Release|Any CPU
	EndGlobalSection
	GlobalSection(ProjectConfigurationPlatforms) = postSolution
		{9CF25E52-E9C8-412D-BB88-433BC8BECCFC}.Debug|Any CPU.ActiveCfg = Debug|Any CPU
		{9CF25E52-E9C8-412D-BB88-433BC8BECCFC}.Debug|Any CPU.Build.0 = Debug|Any CPU
		{9CF25E52-E9C8-412D-BB88-433BC8BECCFC}.Release|Any CPU.ActiveCfg = Release|Any CPU
		{9CF25E52-E9C8-412D-BB88-433BC8BECCFC}.Release|Any CPU.Build.0 = Release|Any CPU
	EndGlobalSection
	GlobalSection(SolutionProperties) = preSolution
		HideSolutionNode = FALSE
	EndGlobalSection
	GlobalSection(ExtensibilityGlobals) = postSolution
		SolutionGuid = {60BE207B-853C-477E-8DFE-CA9267166CD7}
	EndGlobalSection
EndGlobal
